
Microsoft Visual Studio Solution File, Format Version 12.00
# Visual Studio Version 17
VisualStudioVersion = 17.14.37203.1
MinimumVisualStudioVersion = 10.0.40219.1
Project("{FAE04EC0-301F-11D3-BF4B-00C04F79EFBC}") = "GestionProcessus", "GestionProcessus\GestionProcessus.csproj", "{1001382F-37A8-4BA3-97C1-F04331F179EC}"
EndProject
Project("{FAE04EC0-301F-11D3-BF4B-00C04F79EFBC}") = "PgmSecondaire", "PgmSecondaire\PgmSecondaire.csproj", "{A3FD3674-69DC-461B-BE2C-F69E1F98996E}"
EndProject
Project("{FAE04EC0-301F-11D3-BF4B-00C04F79EFBC}") = "ThreadsApp", "ThreadsApp\ThreadsApp.csproj", "{BC93E400-EA75-4E83-B891-51791A702CD6}"
EndProject
Global
	GlobalSection(SolutionConfigurationPlatforms) = preSolution
		Debug|Any CPU = Debug|Any CPU
		Release|Any CPU = Release|Any CPU
	EndGlobalSection
	GlobalSection(ProjectConfigurationPlatforms) = postSolution
		{1001382F-37A8-4BA3-97C1-F04331F179EC}.Debug|Any CPU.ActiveCfg = Debug|Any CPU
		{1001382F-37A8-4BA3-97C1-F04331F179EC}.Debug|Any CPU.Build.0 = Debug|Any CPU
		{1001382F-37A8-4BA3-97C1-F04331F179EC}.Release|Any CPU.ActiveCfg = Release|Any CPU
		{1001382F-37A8-4BA3-97C1-F04331F179EC}.Release|Any CPU.Build.0 = Release|Any CPU
		{A3FD3674-69DC-461B-BE2C-F69E1F98996E}.Debug|Any CPU.ActiveCfg = Debug|Any CPU
		{A3FD3674-69DC-461B-BE2C-F69E1F98996E}.Debug|Any CPU.Build.0 = Debug|Any CPU
		{A3FD3674-69DC-461B-BE2C-F69E1F98996E}.Release|Any CPU.ActiveCfg = Release|Any CPU
		{A3FD3674-69DC-461B-BE2C-F69E1F98996E}.Release|Any CPU.Build.0 = Release|Any CPU
		{BC93E400-EA75-4E83-B891-51791A702CD6}.Debug|Any CPU.ActiveCfg = Debug|Any CPU
		{BC93E400-EA75-4E83-B891-51791A702CD6}.Debug|Any CPU.Build.0 = Debug|Any CPU
		{BC93E400-EA75-4E83-B891-51791A702CD6}.Release|Any CPU.ActiveCfg = Release|Any CPU
		{BC93E400-EA75-4E83-B891-51791A702CD6}.Release|Any CPU.Build.0 = Release|Any CPU
	EndGlobalSection
	GlobalSection(SolutionProperties) = preSolution
		HideSolutionNode = FALSE
	EndGlobalSection
	GlobalSection(ExtensibilityGlobals) = postSolution
		SolutionGuid = {1FF5D56E-2841-43E9-8AAB-F2AABA07FDC6}
	EndGlobalSection
EndGlobal
